
Microsoft Visual Studio Solution File, Format Version 12.00
# Visual Studio Version 17
VisualStudioVersion = 17.14.36109.1 d17.14
MinimumVisualStudioVersion = 10.0.40219.1
Project("{FAE04EC0-301F-11D3-BF4B-00C04F79EFBC}") = "MvcMovie", "MvcMovie\MvcMovie.csproj", "{84349B98-4A2E-4496-8B3C-F1A69BAE4E9D}"
EndProject
Global
	GlobalSection(SolutionConfigurationPlatforms) = preSolution
		Debug|Any CPU = Debug|Any CPU
		Release|Any CPU = Release|Any CPU
	EndGlobalSection
	GlobalSection(ProjectConfigurationPlatforms) = postSolution
		{84349B98-4A2E-4496-8B3C-F1A69BAE4E9D}.Debug|Any CPU.ActiveCfg = Debug|Any CPU
		{84349B98-4A2E-4496-8B3C-F1A69BAE4E9D}.Debug|Any CPU.Build.0 = Debug|Any CPU
		{84349B98-4A2E-4496-8B3C-F1A69BAE4E9D}.Release|Any CPU.ActiveCfg = Release|Any CPU
		{84349B98-4A2E-4496-8B3C-F1A69BAE4E9D}.Release|Any CPU.Build.0 = Release|Any CPU
	EndGlobalSection
	GlobalSection(SolutionProperties) = preSolution
		HideSolutionNode = FALSE
	EndGlobalSection
	GlobalSection(ExtensibilityGlobals) = postSolution
		SolutionGuid = {5E29CDDB-77C9-46EA-97E9-F27BAC77E97C}
	EndGlobalSection
EndGlobal
